
Microsoft Visual Studio Solution File, Format Version 12.00
# Visual Studio Version 17
VisualStudioVersion = 17.10.35027.167
MinimumVisualStudioVersion = 10.0.40219.1
Project("{FAE04EC0-301F-11D3-BF4B-00C04F79EFBC}") = "Login_Page", "Login_Page.csproj", "{EDDDC073-82AE-4C8A-8EBC-1F5CA58EB1A6}"
EndProject
Global
	GlobalSection(SolutionConfigurationPlatforms) = preSolution
		Debug|Any CPU = Debug|Any CPU
		Release|Any CPU = Release|Any CPU
	EndGlobalSection
	GlobalSection(ProjectConfigurationPlatforms) = postSolution
		{EDDDC073-82AE-4C8A-8EBC-1F5CA58EB1A6}.Debug|Any CPU.ActiveCfg = Debug|Any CPU
		{EDDDC073-82AE-4C8A-8EBC-1F5CA58EB1A6}.Debug|Any CPU.Build.0 = Debug|Any CPU
		{EDDDC073-82AE-4C8A-8EBC-1F5CA58EB1A6}.Release|Any CPU.ActiveCfg = Release|Any CPU
		{EDDDC073-82AE-4C8A-8EBC-1F5CA58EB1A6}.Release|Any CPU.Build.0 = Release|Any CPU
	EndGlobalSection
	GlobalSection(SolutionProperties) = preSolution
		HideSolutionNode = FALSE
	EndGlobalSection
	GlobalSection(ExtensibilityGlobals) = postSolution
		SolutionGuid = {8DFFD2A3-8499-46BE-8794-320DFD51ABB9}
	EndGlobalSection
EndGlobal
