
Microsoft Visual Studio Solution File, Format Version 12.00
# Visual Studio Version 17
VisualStudioVersion = 17.10.35027.167
MinimumVisualStudioVersion = 10.0.40219.1
Project("{E24C65DC-7377-472B-9ABA-BC803B73C61A}") = "gk", "D:\Avinash\Projects\GKU\ERP\gk\", "{5C180524-B1E1-4A80-BFAE-E137F0046209}"
	ProjectSection(WebsiteProperties) = preProject
		TargetFrameworkMoniker = ".NETFramework,Version%3Dv4.7.2"
		Debug.AspNetCompiler.VirtualPath = "/localhost_63185"
		Debug.AspNetCompiler.PhysicalPath = "D:\Avinash\Projects\GKU\ERP\gk\"
		Debug.AspNetCompiler.TargetPath = "PrecompiledWeb\localhost_63185\"
		Debug.AspNetCompiler.Updateable = "true"
		Debug.AspNetCompiler.ForceOverwrite = "true"
		Debug.AspNetCompiler.FixedNames = "false"
		Debug.AspNetCompiler.Debug = "True"
		Release.AspNetCompiler.VirtualPath = "/localhost_63185"
		Release.AspNetCompiler.PhysicalPath = "D:\Avinash\Projects\GKU\ERP\gk\"
		Release.AspNetCompiler.TargetPath = "PrecompiledWeb\localhost_63185\"
		Release.AspNetCompiler.Updateable = "true"
		Release.AspNetCompiler.ForceOverwrite = "true"
		Release.AspNetCompiler.FixedNames = "false"
		Release.AspNetCompiler.Debug = "False"
		VWDPort = "63185"
		SlnRelativePath = "D:\Avinash\Projects\GKU\ERP\gk\"
	EndProjectSection
EndProject
Global
	GlobalSection(SolutionConfigurationPlatforms) = preSolution
		Debug|Any CPU = Debug|Any CPU
	EndGlobalSection
	GlobalSection(ProjectConfigurationPlatforms) = postSolution
		{5C180524-B1E1-4A80-BFAE-E137F0046209}.Debug|Any CPU.ActiveCfg = Debug|Any CPU
		{5C180524-B1E1-4A80-BFAE-E137F0046209}.Debug|Any CPU.Build.0 = Debug|Any CPU
	EndGlobalSection
	GlobalSection(SolutionProperties) = preSolution
		HideSolutionNode = FALSE
	EndGlobalSection
	GlobalSection(ExtensibilityGlobals) = postSolution
		SolutionGuid = {D8B44ED1-D876-41EB-B8D3-63E21A173A0A}
	EndGlobalSection
EndGlobal
